
Microsoft Visual Studio Solution File, Format Version 12.00
# Visual Studio Version 17
VisualStudioVersion = 17.12.35527.113 d17.12
MinimumVisualStudioVersion = 10.0.40219.1
Project("{FAE04EC0-301F-11D3-BF4B-00C04F79EFBC}") = "bai13_tinhcanchi", "bai13_tinhcanchi\bai13_tinhcanchi.csproj", "{B67207ED-B4D5-4E8D-BAE7-CF5828299490}"
EndProject
Global
	GlobalSection(SolutionConfigurationPlatforms) = preSolution
		Debug|Any CPU = Debug|Any CPU
		Release|Any CPU = Release|Any CPU
	EndGlobalSection
	GlobalSection(ProjectConfigurationPlatforms) = postSolution
		{B67207ED-B4D5-4E8D-BAE7-CF5828299490}.Debug|Any CPU.ActiveCfg = Debug|Any CPU
		{B67207ED-B4D5-4E8D-BAE7-CF5828299490}.Debug|Any CPU.Build.0 = Debug|Any CPU
		{B67207ED-B4D5-4E8D-BAE7-CF5828299490}.Release|Any CPU.ActiveCfg = Release|Any CPU
		{B67207ED-B4D5-4E8D-BAE7-CF5828299490}.Release|Any CPU.Build.0 = Release|Any CPU
	EndGlobalSection
	GlobalSection(SolutionProperties) = preSolution
		HideSolutionNode = FALSE
	EndGlobalSection
EndGlobal
